// !$*UTF8*$!
{
	archiveVersion = 1;
	classes = {
	};
	objectVersion = 56;
	objects = {

/* Begin PBXBuildFile section */
		855CE9352BACD80500533E42 /* LearnGreenApp.swift in Sources */ = {isa = PBXBuildFile; fileRef = 855CE9342BACD80500533E42 /* LearnGreenApp.swift */; };
		855CE9372BACD80500533E42 /* ContentView.swift in Sources */ = {isa = PBXBuildFile; fileRef = 855CE9362BACD80500533E42 /* ContentView.swift */; };
		855CE9392BACD80700533E42 /* Assets.xcassets in Resources */ = {isa = PBXBuildFile; fileRef = 855CE9382BACD80700533E42 /* Assets.xcassets */; };
		855CE93C2BACD80700533E42 /* Preview Assets.xcassets in Resources */ = {isa = PBXBuildFile; fileRef = 855CE93B2BACD80700533E42 /* Preview Assets.xcassets */; };
		855CE9462BACD80700533E42 /* LearnGreenTests.swift in Sources */ = {isa = PBXBuildFile; fileRef = 855CE9452BACD80700533E42 /* LearnGreenTests.swift */; };
		855CE9502BACD80700533E42 /* LearnGreenUITests.swift in Sources */ = {isa = PBXBuildFile; fileRef = 855CE94F2BACD80700533E42 /* LearnGreenUITests.swift */; };
		855CE9522BACD80700533E42 /* LearnGreenUITestsLaunchTests.swift in Sources */ = {isa = PBXBuildFile; fileRef = 855CE9512BACD80700533E42 /* LearnGreenUITestsLaunchTests.swift */; };
/* End PBXBuildFile section */

/* Begin PBXContainerItemProxy section */
		855CE9422BACD80700533E42 /* PBXContainerItemProxy */ = {
			isa = PBXContainerItemProxy;
			containerPortal = 855CE9292BACD80500533E42 /* Project object */;
			proxyType = 1;
			remoteGlobalIDString = 855CE9302BACD80500533E42;
			remoteInfo = LearnGreen;
		};
		855CE94C2BACD80700533E42 /* PBXContainerItemProxy */ = {
			isa = PBXContainerItemProxy;
			containerPortal = 855CE9292BACD80500533E42 /* Project object */;
			proxyType = 1;
			remoteGlobalIDString = 855CE9302BACD80500533E42;
			remoteInfo = LearnGreen;
		};
/* End PBXContainerItemProxy section */

/* Begin PBXFileReference section */
		855CE9312BACD80500533E42 /* LearnGreen.app */ = {isa = PBXFileReference; explicitFileType = wrapper.application; includeInIndex = 0; path = LearnGreen.app; sourceTree = BUILT_PRODUCTS_DIR; };
		855CE9342BACD80500533E42 /* LearnGreenApp.swift */ = {isa = PBXFileReference; lastKnownFileType = sourcecode.swift; path = LearnGreenApp.swift; sourceTree = "<group>"; };
		855CE9362BACD80500533E42 /* ContentView.swift */ = {isa = PBXFileReference; lastKnownFileType = sourcecode.swift; path = ContentView.swift; sourceTree = "<group>"; };
		855CE9382BACD80700533E42 /* Assets.xcassets */ = {isa = PBXFileReference; lastKnownFileType = folder.assetcatalog; path = Assets.xcassets; sourceTree = "<group>"; };
		855CE93B2BACD80700533E42 /* Preview Assets.xcassets */ = {isa = PBXFileReference; lastKnownFileType = folder.assetcatalog; path = "Preview Assets.xcassets"; sourceTree = "<group>"; };
		855CE9412BACD80700533E42 /* LearnGreenTests.xctest */ = {isa = PBXFileReference; explicitFileType = wrapper.cfbundle; includeInIndex = 0; path = LearnGreenTests.xctest; sourceTree = BUILT_PRODUCTS_DIR; };
		855CE9452BACD80700533E42 /* LearnGreenTests.swift */ = {isa = PBXFileReference; lastKnownFileType = sourcecode.swift; path = LearnGreenTests.swift; sourceTree = "<group>"; };
		855CE94B2BACD80700533E42 /* LearnGreenUITests.xctest */ = {isa = PBXFileReference; explicitFileType = wrapper.cfbundle; includeInIndex = 0; path = LearnGreenUITests.xctest; sourceTree = BUILT_PRODUCTS_DIR; };
		855CE94F2BACD80700533E42 /* LearnGreenUITests.swift */ = {isa = PBXFileReference; lastKnownFileType = sourcecode.swift; path = LearnGreenUITests.swift; sourceTree = "<group>"; };
		855CE9512BACD80700533E42 /* LearnGreenUITestsLaunchTests.swift */ = {isa = PBXFileReference; lastKnownFileType = sourcecode.swift; path = LearnGreenUITestsLaunchTests.swift; sourceTree = "<group>"; };
/* End PBXFileReference section */

/* Begin PBXFrameworksBuildPhase section */
		855CE92E2BACD80500533E42 /* Frameworks */ = {
			isa = PBXFrameworksBuildPhase;
			buildActionMask = 2147483647;
			files = (
			);
			runOnlyForDeploymentPostprocessing = 0;
		};
		855CE93E2BACD80700533E42 /* Frameworks */ = {
			isa = PBXFrameworksBuildPhase;
			buildActionMask = 2147483647;
			files = (
			);
			runOnlyForDeploymentPostprocessing = 0;
		};
		855CE9482BACD80700533E42 /* Frameworks */ = {
			isa = PBXFrameworksBuildPhase;
			buildActionMask = 2147483647;
			files = (
			);
			runOnlyForDeploymentPostprocessing = 0;
		};
/* End PBXFrameworksBuildPhase section */

/* Begin PBXGroup section */
		855CE9282BACD80500533E42 = {
			isa = PBXGroup;
			children = (
				855CE9332BACD80500533E42 /* LearnGreen */,
				855CE9442BACD80700533E42 /* LearnGreenTests */,
				855CE94E2BACD80700533E42 /* LearnGreenUITests */,
				855CE9322BACD80500533E42 /* Products */,
			);
			sourceTree = "<group>";
		};
		855CE9322BACD80500533E42 /* Products */ = {
			isa = PBXGroup;
			children = (
				855CE9312BACD80500533E42 /* LearnGreen.app */,
				855CE9412BACD80700533E42 /* LearnGreenTests.xctest */,
				855CE94B2BACD80700533E42 /* LearnGreenUITests.xctest */,
			);
			name = Products;
			sourceTree = "<group>";
		};
		855CE9332BACD80500533E42 /* LearnGreen */ = {
			isa = PBXGroup;
			children = (
				855CE9342BACD80500533E42 /* LearnGreenApp.swift */,
				855CE9362BACD80500533E42 /* ContentView.swift */,
				855CE9382BACD80700533E42 /* Assets.xcassets */,
				855CE93A2BACD80700533E42 /* Preview Content */,
			);
			path = LearnGreen;
			sourceTree = "<group>";
		};
		855CE93A2BACD80700533E42 /* Preview Content */ = {
			isa = PBXGroup;
			children = (
				855CE93B2BACD80700533E42 /* Preview Assets.xcassets */,
			);
			path = "Preview Content";
			sourceTree = "<group>";
		};
		855CE9442BACD80700533E42 /* LearnGreenTests */ = {
			isa = PBXGroup;
			children = (
				855CE9452BACD80700533E42 /* LearnGreenTests.swift */,
			);
			path = LearnGreenTests;
			sourceTree = "<group>";
		};
		855CE94E2BACD80700533E42 /* LearnGreenUITests */ = {
			isa = PBXGroup;
			children = (
				855CE94F2BACD80700533E42 /* LearnGreenUITests.swift */,
				855CE9512BACD80700533E42 /* LearnGreenUITestsLaunchTests.swift */,
			);
			path = LearnGreenUITests;
			sourceTree = "<group>";
		};
/* End PBXGroup section */

/* Begin PBXNativeTarget section */
		855CE9302BACD80500533E42 /* LearnGreen */ = {
			isa = PBXNativeTarget;
			buildConfigurationList = 855CE9552BACD80700533E42 /* Build configuration list for PBXNativeTarget "LearnGreen" */;
			buildPhases = (
				855CE92D2BACD80500533E42 /* Sources */,
				855CE92E2BACD80500533E42 /* Frameworks */,
				855CE92F2BACD80500533E42 /* Resources */,
			);
			buildRules = (
			);
			dependencies = (
			);
			name = LearnGreen;
			productName = LearnGreen;
			productReference = 855CE9312BACD80500533E42 /* LearnGreen.app */;
			productType = "com.apple.product-type.application";
		};
		855CE9402BACD80700533E42 /* LearnGreenTests */ = {
			isa = PBXNativeTarget;
			buildConfigurationList = 855CE9582BACD80700533E42 /* Build configuration list for PBXNativeTarget "LearnGreenTests" */;
			buildPhases = (
				855CE93D2BACD80700533E42 /* Sources */,
				855CE93E2BACD80700533E42 /* Frameworks */,
				855CE93F2BACD80700533E42 /* Resources */,
			);
			buildRules = (
			);
			dependencies = (
				855CE9432BACD80700533E42 /* PBXTargetDependency */,
			);
			name = LearnGreenTests;
			productName = LearnGreenTests;
			productReference = 855CE9412BACD80700533E42 /* LearnGreenTests.xctest */;
			productType = "com.apple.product-type.bundle.unit-test";
		};
		855CE94A2BACD80700533E42 /* LearnGreenUITests */ = {
			isa = PBXNativeTarget;
			buildConfigurationList = 855CE95B2BACD80700533E42 /* Build configuration list for PBXNativeTarget "LearnGreenUITests" */;
			buildPhases = (
				855CE9472BACD80700533E42 /* Sources */,
				855CE9482BACD80700533E42 /* Frameworks */,
				855CE9492BACD80700533E42 /* Resources */,
			);
			buildRules = (
			);
			dependencies = (
				855CE94D2BACD80700533E42 /* PBXTargetDependency */,
			);
			name = LearnGreenUITests;
			productName = LearnGreenUITests;
			productReference = 855CE94B2BACD80700533E42 /* LearnGreenUITests.xctest */;
			productType = "com.apple.product-type.bundle.ui-testing";
		};
/* End PBXNativeTarget section */

/* Begin PBXProject section */
		855CE9292BACD80500533E42 /* Project object */ = {
			isa = PBXProject;
			attributes = {
				BuildIndependentTargetsInParallel = 1;
				LastSwiftUpdateCheck = 1520;
				LastUpgradeCheck = 1520;
				TargetAttributes = {
					855CE9302BACD80500533E42 = {
						CreatedOnToolsVersion = 15.2;
					};
					855CE9402BACD80700533E42 = {
						CreatedOnToolsVersion = 15.2;
						TestTargetID = 855CE9302BACD80500533E42;
					};
					855CE94A2BACD80700533E42 = {
						CreatedOnToolsVersion = 15.2;
						TestTargetID = 855CE9302BACD80500533E42;
					};
				};
			};
			buildConfigurationList = 855CE92C2BACD80500533E42 /* Build configuration list for PBXProject "LearnGreen" */;
			compatibilityVersion = "Xcode 14.0";
			developmentRegion = en;
			hasScannedForEncodings = 0;
			knownRegions = (
				en,
				Base,
			);
			mainGroup = 855CE9282BACD80500533E42;
			productRefGroup = 855CE9322BACD80500533E42 /* Products */;
			projectDirPath = "";
			projectRoot = "";
			targets = (
				855CE9302BACD80500533E42 /* LearnGreen */,
				855CE9402BACD80700533E42 /* LearnGreenTests */,
				855CE94A2BACD80700533E42 /* LearnGreenUITests */,
			);
		};
/* End PBXProject section */

/* Begin PBXResourcesBuildPhase section */
		855CE92F2BACD80500533E42 /* Resources */ = {
			isa = PBXResourcesBuildPhase;
			buildActionMask = 2147483647;
			files = (
				855CE93C2BACD80700533E42 /* Preview Assets.xcassets in Resources */,
				855CE9392BACD80700533E42 /* Assets.xcassets in Resources */,
			);
			runOnlyForDeploymentPostprocessing = 0;
		};
		855CE93F2BACD80700533E42 /* Resources */ = {
			isa = PBXResourcesBuildPhase;
			buildActionMask = 2147483647;
			files = (
			);
			runOnlyForDeploymentPostprocessing = 0;
		};
		855CE9492BACD80700533E42 /* Resources */ = {
			isa = PBXResourcesBuildPhase;
			buildActionMask = 2147483647;
			files = (
			);
			runOnlyForDeploymentPostprocessing = 0;
		};
/* End PBXResourcesBuildPhase section */

/* Begin PBXSourcesBuildPhase section */
		855CE92D2BACD80500533E42 /* Sources */ = {
			isa = PBXSourcesBuildPhase;
			buildActionMask = 2147483647;
			files = (
				855CE9372BACD80500533E42 /* ContentView.swift in Sources */,
				855CE9352BACD80500533E42 /* LearnGreenApp.swift in Sources */,
			);
			runOnlyForDeploymentPostprocessing = 0;
		};
		855CE93D2BACD80700533E42 /* Sources */ = {
			isa = PBXSourcesBuildPhase;
			buildActionMask = 2147483647;
			files = (
				855CE9462BACD80700533E42 /* LearnGreenTests.swift in Sources */,
			);
			runOnlyForDeploymentPostprocessing = 0;
		};
		855CE9472BACD80700533E42 /* Sources */ = {
			isa = PBXSourcesBuildPhase;
			buildActionMask = 2147483647;
			files = (
				855CE9502BACD80700533E42 /* LearnGreenUITests.swift in Sources */,
				855CE9522BACD80700533E42 /* LearnGreenUITestsLaunchTests.swift in Sources */,
			);
			runOnlyForDeploymentPostprocessing = 0;
		};
/* End PBXSourcesBuildPhase section */

/* Begin PBXTargetDependency section */
		855CE9432BACD80700533E42 /* PBXTargetDependency */ = {
			isa = PBXTargetDependency;
			target = 855CE9302BACD80500533E42 /* LearnGreen */;
			targetProxy = 855CE9422BACD80700533E42 /* PBXContainerItemProxy */;
		};
		855CE94D2BACD80700533E42 /* PBXTargetDependency */ = {
			isa = PBXTargetDependency;
			target = 855CE9302BACD80500533E42 /* LearnGreen */;
			targetProxy = 855CE94C2BACD80700533E42 /* PBXContainerItemProxy */;
		};
/* End PBXTargetDependency section */

/* Begin XCBuildConfiguration section */
		855CE9532BACD80700533E42 /* Debug */ = {
			isa = XCBuildConfiguration;
			buildSettings = {
				ALWAYS_SEARCH_USER_PATHS = NO;
				ASSETCATALOG_COMPILER_GENERATE_SWIFT_ASSET_SYMBOL_EXTENSIONS = YES;
				CLANG_ANALYZER_NONNULL = YES;
				CLANG_ANALYZER_NUMBER_OBJECT_CONVERSION = YES_AGGRESSIVE;
				CLANG_CXX_LANGUAGE_STANDARD = "gnu++20";
				CLANG_ENABLE_MODULES = YES;
				CLANG_ENABLE_OBJC_ARC = YES;
				CLANG_ENABLE_OBJC_WEAK = YES;
				CLANG_WARN_BLOCK_CAPTURE_AUTORELEASING = YES;
				CLANG_WARN_BOOL_CONVERSION = YES;
				CLANG_WARN_COMMA = YES;
				CLANG_WARN_CONSTANT_CONVERSION = YES;
				CLANG_WARN_DEPRECATED_OBJC_IMPLEMENTATIONS = YES;
				CLANG_WARN_DIRECT_OBJC_ISA_USAGE = YES_ERROR;
				CLANG_WARN_DOCUMENTATION_COMMENTS = YES;
				CLANG_WARN_EMPTY_BODY = YES;
				CLANG_WARN_ENUM_CONVERSION = YES;
				CLANG_WARN_INFINITE_RECURSION = YES;
				CLANG_WARN_INT_CONVERSION = YES;
				CLANG_WARN_NON_LITERAL_NULL_CONVERSION = YES;
				CLANG_WARN_OBJC_IMPLICIT_RETAIN_SELF = YES;
				CLANG_WARN_OBJC_LITERAL_CONVERSION = YES;
				CLANG_WARN_OBJC_ROOT_CLASS = YES_ERROR;
				CLANG_WARN_QUOTED_INCLUDE_IN_FRAMEWORK_HEADER = YES;
				CLANG_WARN_RANGE_LOOP_ANALYSIS = YES;
				CLANG_WARN_STRICT_PROTOTYPES = YES;
				CLANG_WARN_SUSPICIOUS_MOVE = YES;
				CLANG_WARN_UNGUARDED_AVAILABILITY = YES_AGGRESSIVE;
				CLANG_WARN_UNREACHABLE_CODE = YES;
				CLANG_WARN__DUPLICATE_METHOD_MATCH = YES;
				COPY_PHASE_STRIP = NO;
				DEBUG_INFORMATION_FORMAT = dwarf;
				ENABLE_STRICT_OBJC_MSGSEND = YES;
				ENABLE_TESTABILITY = YES;
				ENABLE_USER_SCRIPT_SANDBOXING = YES;
				GCC_C_LANGUAGE_STANDARD = gnu17;
				GCC_DYNAMIC_NO_PIC = NO;
				GCC_NO_COMMON_BLOCKS = YES;
				GCC_OPTIMIZATION_LEVEL = 0;
				GCC_PREPROCESSOR_DEFINITIONS = (
					"DEBUG=1",
					"$(inherited)",
				);
				GCC_WARN_64_TO_32_BIT_CONVERSION = YES;
				GCC_WARN_ABOUT_RETURN_TYPE = YES_ERROR;
				GCC_WARN_UNDECLARED_SELECTOR = YES;
				GCC_WARN_UNINITIALIZED_AUTOS = YES_AGGRESSIVE;
				GCC_WARN_UNUSED_FUNCTION = YES;
				GCC_WARN_UNUSED_VARIABLE = YES;
				IPHONEOS_DEPLOYMENT_TARGET = 17.2;
				LOCALIZATION_PREFERS_STRING_CATALOGS = YES;
				MTL_ENABLE_DEBUG_INFO = INCLUDE_SOURCE;
				MTL_FAST_MATH = YES;
				ONLY_ACTIVE_ARCH = YES;
				SDKROOT = iphoneos;
				SWIFT_ACTIVE_COMPILATION_CONDITIONS = "DEBUG $(inherited)";
				SWIFT_OPTIMIZATION_LEVEL = "-Onone";
			};
			name = Debug;
		};
		855CE9542BACD80700533E42 /* Release */ = {
			isa = XCBuildConfiguration;
			buildSettings = {
				ALWAYS_SEARCH_USER_PATHS = NO;
				ASSETCATALOG_COMPILER_GENERATE_SWIFT_ASSET_SYMBOL_EXTENSIONS = YES;
				CLANG_ANALYZER_NONNULL = YES;
				CLANG_ANALYZER_NUMBER_OBJECT_CONVERSION = YES_AGGRESSIVE;
				CLANG_CXX_LANGUAGE_STANDARD = "gnu++20";
				CLANG_ENABLE_MODULES = YES;
				CLANG_ENABLE_OBJC_ARC = YES;
				CLANG_ENABLE_OBJC_WEAK = YES;
				CLANG_WARN_BLOCK_CAPTURE_AUTORELEASING = YES;
				CLANG_WARN_BOOL_CONVERSION = YES;
				CLANG_WARN_COMMA = YES;
				CLANG_WARN_CONSTANT_CONVERSION = YES;
				CLANG_WARN_DEPRECATED_OBJC_IMPLEMENTATIONS = YES;
				CLANG_WARN_DIRECT_OBJC_ISA_USAGE = YES_ERROR;
				CLANG_WARN_DOCUMENTATION_COMMENTS = YES;
				CLANG_WARN_EMPTY_BODY = YES;
				CLANG_WARN_ENUM_CONVERSION = YES;
				CLANG_WARN_INFINITE_RECURSION = YES;
				CLANG_WARN_INT_CONVERSION = YES;
				CLANG_WARN_NON_LITERAL_NULL_CONVERSION = YES;
				CLANG_WARN_OBJC_IMPLICIT_RETAIN_SELF = YES;
				CLANG_WARN_OBJC_LITERAL_CONVERSION = YES;
				CLANG_WARN_OBJC_ROOT_CLASS = YES_ERROR;
				CLANG_WARN_QUOTED_INCLUDE_IN_FRAMEWORK_HEADER = YES;
				CLANG_WARN_RANGE_LOOP_ANALYSIS = YES;
				CLANG_WARN_STRICT_PROTOTYPES = YES;
				CLANG_WARN_SUSPICIOUS_MOVE = YES;
				CLANG_WARN_UNGUARDED_AVAILABILITY = YES_AGGRESSIVE;
				CLANG_WARN_UNREACHABLE_CODE = YES;
				CLANG_WARN__DUPLICATE_METHOD_MATCH = YES;
				COPY_PHASE_STRIP = NO;
				DEBUG_INFORMATION_FORMAT = "dwarf-with-dsym";
				ENABLE_NS_ASSERTIONS = NO;
				ENABLE_STRICT_OBJC_MSGSEND = YES;
				ENABLE_USER_SCRIPT_SANDBOXING = YES;
				GCC_C_LANGUAGE_STANDARD = gnu17;
				GCC_NO_COMMON_BLOCKS = YES;
				GCC_WARN_64_TO_32_BIT_CONVERSION = YES;
				GCC_WARN_ABOUT_RETURN_TYPE = YES_ERROR;
				GCC_WARN_UNDECLARED_SELECTOR = YES;
				GCC_WARN_UNINITIALIZED_AUTOS = YES_AGGRESSIVE;
				GCC_WARN_UNUSED_FUNCTION = YES;
				GCC_WARN_UNUSED_VARIABLE = YES;
				IPHONEOS_DEPLOYMENT_TARGET = 17.2;
				LOCALIZATION_PREFERS_STRING_CATALOGS = YES;
				MTL_ENABLE_DEBUG_INFO = NO;
				MTL_FAST_MATH = YES;
				SDKROOT = iphoneos;
				SWIFT_COMPILATION_MODE = wholemodule;
				VALIDATE_PRODUCT = YES;
			};
			name = Release;
		};
		855CE9562BACD80700533E42 /* Debug */ = {
			isa = XCBuildConfiguration;
			buildSettings = {
				ASSETCATALOG_COMPILER_APPICON_NAME = AppIcon;
				ASSETCATALOG_COMPILER_GLOBAL_ACCENT_COLOR_NAME = AccentColor;
				CODE_SIGN_STYLE = Automatic;
				CURRENT_PROJECT_VERSION = 1;
				DEVELOPMENT_ASSET_PATHS = "\"LearnGreen/Preview Content\"";
				DEVELOPMENT_TEAM = 4ZCQBY6762;
				ENABLE_PREVIEWS = YES;
				GENERATE_INFOPLIST_FILE = YES;
				INFOPLIST_KEY_UIApplicationSceneManifest_Generation = YES;
				INFOPLIST_KEY_UIApplicationSupportsIndirectInputEvents = YES;
				INFOPLIST_KEY_UILaunchScreen_Generation = YES;
				INFOPLIST_KEY_UISupportedInterfaceOrientations_iPad = "UIInterfaceOrientationPortrait UIInterfaceOrientationPortraitUpsideDown UIInterfaceOrientationLandscapeLeft UIInterfaceOrientationLandscapeRight";
				INFOPLIST_KEY_UISupportedInterfaceOrientations_iPhone = "UIInterfaceOrientationPortrait UIInterfaceOrientationLandscapeLeft UIInterfaceOrientationLandscapeRight";
				LD_RUNPATH_SEARCH_PATHS = (
					"$(inherited)",
					"@executable_path/Frameworks",
				);
				MARKETING_VERSION = 1.0;
				PRODUCT_BUNDLE_IDENTIFIER = com.trype.LearnGreen;
				PRODUCT_NAME = "$(TARGET_NAME)";
				SWIFT_EMIT_LOC_STRINGS = YES;
				SWIFT_VERSION = 5.0;
				TARGETED_DEVICE_FAMILY = "1,2";
			};
			name = Debug;
		};
		855CE9572BACD80700533E42 /* Release */ = {
			isa = XCBuildConfiguration;
			buildSettings = {
				ASSETCATALOG_COMPILER_APPICON_NAME = AppIcon;
				ASSETCATALOG_COMPILER_GLOBAL_ACCENT_COLOR_NAME = AccentColor;
				CODE_SIGN_STYLE = Automatic;
				CURRENT_PROJECT_VERSION = 1;
				DEVELOPMENT_ASSET_PATHS = "\"LearnGreen/Preview Content\"";
				DEVELOPMENT_TEAM = 4ZCQBY6762;
				ENABLE_PREVIEWS = YES;
				GENERATE_INFOPLIST_FILE = YES;
				INFOPLIST_KEY_UIApplicationSceneManifest_Generation = YES;
				INFOPLIST_KEY_UIApplicationSupportsIndirectInputEvents = YES;
				INFOPLIST_KEY_UILaunchScreen_Generation = YES;
				INFOPLIST_KEY_UISupportedInterfaceOrientations_iPad = "UIInterfaceOrientationPortrait UIInterfaceOrientationPortraitUpsideDown UIInterfaceOrientationLandscapeLeft UIInterfaceOrientationLandscapeRight";
				INFOPLIST_KEY_UISupportedInterfaceOrientations_iPhone = "UIInterfaceOrientationPortrait UIInterfaceOrientationLandscapeLeft UIInterfaceOrientationLandscapeRight";
				LD_RUNPATH_SEARCH_PATHS = (
					"$(inherited)",
					"@executable_path/Frameworks",
				);
				MARKETING_VERSION = 1.0;
				PRODUCT_BUNDLE_IDENTIFIER = com.trype.LearnGreen;
				PRODUCT_NAME = "$(TARGET_NAME)";
				SWIFT_EMIT_LOC_STRINGS = YES;
				SWIFT_VERSION = 5.0;
				TARGETED_DEVICE_FAMILY = "1,2";
			};
			name = Release;
		};
		855CE9592BACD80700533E42 /* Debug */ = {
			isa = XCBuildConfiguration;
			buildSettings = {
				ALWAYS_EMBED_SWIFT_STANDARD_LIBRARIES = YES;
				BUNDLE_LOADER = "$(TEST_HOST)";
				CODE_SIGN_STYLE = Automatic;
				CURRENT_PROJECT_VERSION = 1;
				DEVELOPMENT_TEAM = 4ZCQBY6762;
				GENERATE_INFOPLIST_FILE = YES;
				IPHONEOS_DEPLOYMENT_TARGET = 17.2;
				MARKETING_VERSION = 1.0;
				PRODUCT_BUNDLE_IDENTIFIER = com.trype.LearnGreenTests;
				PRODUCT_NAME = "$(TARGET_NAME)";
				SWIFT_EMIT_LOC_STRINGS = NO;
				SWIFT_VERSION = 5.0;
				TARGETED_DEVICE_FAMILY = "1,2";
				TEST_HOST = "$(BUILT_PRODUCTS_DIR)/LearnGreen.app/$(BUNDLE_EXECUTABLE_FOLDER_PATH)/LearnGreen";
			};
			name = Debug;
		};
		855CE95A2BACD80700533E42 /* Release */ = {
			isa = XCBuildConfiguration;
			buildSettings = {
				ALWAYS_EMBED_SWIFT_STANDARD_LIBRARIES = YES;
				BUNDLE_LOADER = "$(TEST_HOST)";
				CODE_SIGN_STYLE = Automatic;
				CURRENT_PROJECT_VERSION = 1;
				DEVELOPMENT_TEAM = 4ZCQBY6762;
				GENERATE_INFOPLIST_FILE = YES;
				IPHONEOS_DEPLOYMENT_TARGET = 17.2;
				MARKETING_VERSION = 1.0;
				PRODUCT_BUNDLE_IDENTIFIER = com.trype.LearnGreenTests;
				PRODUCT_NAME = "$(TARGET_NAME)";
				SWIFT_EMIT_LOC_STRINGS = NO;
				SWIFT_VERSION = 5.0;
				TARGETED_DEVICE_FAMILY = "1,2";
				TEST_HOST = "$(BUILT_PRODUCTS_DIR)/LearnGreen.app/$(BUNDLE_EXECUTABLE_FOLDER_PATH)/LearnGreen";
			};
			name = Release;
		};
		855CE95C2BACD80700533E42 /* Debug */ = {
			isa = XCBuildConfiguration;
			buildSettings = {
				ALWAYS_EMBED_SWIFT_STANDARD_LIBRARIES = YES;
				CODE_SIGN_STYLE = Automatic;
				CURRENT_PROJECT_VERSION = 1;
				DEVELOPMENT_TEAM = 4ZCQBY6762;
				GENERATE_INFOPLIST_FILE = YES;
				MARKETING_VERSION = 1.0;
				PRODUCT_BUNDLE_IDENTIFIER = com.trype.LearnGreenUITests;
				PRODUCT_NAME = "$(TARGET_NAME)";
				SWIFT_EMIT_LOC_STRINGS = NO;
				SWIFT_VERSION = 5.0;
				TARGETED_DEVICE_FAMILY = "1,2";
				TEST_TARGET_NAME = LearnGreen;
			};
			name = Debug;
		};
		855CE95D2BACD80700533E42 /* Release */ = {
			isa = XCBuildConfiguration;
			buildSettings = {
				ALWAYS_EMBED_SWIFT_STANDARD_LIBRARIES = YES;
				CODE_SIGN_STYLE = Automatic;
				CURRENT_PROJECT_VERSION = 1;
				DEVELOPMENT_TEAM = 4ZCQBY6762;
				GENERATE_INFOPLIST_FILE = YES;
				MARKETING_VERSION = 1.0;
				PRODUCT_BUNDLE_IDENTIFIER = com.trype.LearnGreenUITests;
				PRODUCT_NAME = "$(TARGET_NAME)";
				SWIFT_EMIT_LOC_STRINGS = NO;
				SWIFT_VERSION = 5.0;
				TARGETED_DEVICE_FAMILY = "1,2";
				TEST_TARGET_NAME = LearnGreen;
			};
			name = Release;
		};
/* End XCBuildConfiguration section */

/* Begin XCConfigurationList section */
		855CE92C2BACD80500533E42 /* Build configuration list for PBXProject "LearnGreen" */ = {
			isa = XCConfigurationList;
			buildConfigurations = (
				855CE9532BACD80700533E42 /* Debug */,
				855CE9542BACD80700533E42 /* Release */,
			);
			defaultConfigurationIsVisible = 0;
			defaultConfigurationName = Release;
		};
		855CE9552BACD80700533E42 /* Build configuration list for PBXNativeTarget "LearnGreen" */ = {
			isa = XCConfigurationList;
			buildConfigurations = (
				855CE9562BACD80700533E42 /* Debug */,
				855CE9572BACD80700533E42 /* Release */,
			);
			defaultConfigurationIsVisible = 0;
			defaultConfigurationName = Release;
		};
		855CE9582BACD80700533E42 /* Build configuration list for PBXNativeTarget "LearnGreenTests" */ = {
			isa = XCConfigurationList;
			buildConfigurations = (
				855CE9592BACD80700533E42 /* Debug */,
				855CE95A2BACD80700533E42 /* Release */,
			);
			defaultConfigurationIsVisible = 0;
			defaultConfigurationName = Release;
		};
		855CE95B2BACD80700533E42 /* Build configuration list for PBXNativeTarget "LearnGreenUITests" */ = {
			isa = XCConfigurationList;
			buildConfigurations = (
				855CE95C2BACD80700533E42 /* Debug */,
				855CE95D2BACD80700533E42 /* Release */,
			);
			defaultConfigurationIsVisible = 0;
			defaultConfigurationName = Release;
		};
/* End XCConfigurationList section */
	};
	rootObject = 855CE9292BACD80500533E42 /* Project object */;
}
